
Microsoft Visual Studio Solution File, Format Version 12.00
# Visual Studio Version 17
VisualStudioVersion = 17.4.33213.308
MinimumVisualStudioVersion = 10.0.40219.1
Project("{FAE04EC0-301F-11D3-BF4B-00C04F79EFBC}") = "BlogCore", "BlogCore\BlogCore.csproj", "{FE2C8FB6-CEA7-4415-A5C7-E2EF233667C1}"
EndProject
Project("{FAE04EC0-301F-11D3-BF4B-00C04F79EFBC}") = "BlogCore.AccesoDatos", "BlogCore.AccesoDatos\BlogCore.AccesoDatos.csproj", "{DB95313F-785D-4ECA-8C19-EC3341840665}"
EndProject
Project("{FAE04EC0-301F-11D3-BF4B-00C04F79EFBC}") = "BlogCore.Models", "BlogCore.Models\BlogCore.Models.csproj", "{16565DE6-21D5-4091-97D9-A1EF1AB334B5}"
EndProject
Project("{FAE04EC0-301F-11D3-BF4B-00C04F79EFBC}") = "BlogCore.Utilidades", "BlogCore.Utilidades\BlogCore.Utilidades.csproj", "{D19565ED-BC40-4A90-B784-D2795E8BF1E0}"
EndProject
Global
	GlobalSection(SolutionConfigurationPlatforms) = preSolution
		Debug|Any CPU = Debug|Any CPU
		Release|Any CPU = Release|Any CPU
	EndGlobalSection
	GlobalSection(ProjectConfigurationPlatforms) = postSolution
		{FE2C8FB6-CEA7-4415-A5C7-E2EF233667C1}.Debug|Any CPU.ActiveCfg = Debug|Any CPU
		{FE2C8FB6-CEA7-4415-A5C7-E2EF233667C1}.Debug|Any CPU.Build.0 = Debug|Any CPU
		{FE2C8FB6-CEA7-4415-A5C7-E2EF233667C1}.Release|Any CPU.ActiveCfg = Release|Any CPU
		{FE2C8FB6-CEA7-4415-A5C7-E2EF233667C1}.Release|Any CPU.Build.0 = Release|Any CPU
		{DB95313F-785D-4ECA-8C19-EC3341840665}.Debug|Any CPU.ActiveCfg = Debug|Any CPU
		{DB95313F-785D-4ECA-8C19-EC3341840665}.Debug|Any CPU.Build.0 = Debug|Any CPU
		{DB95313F-785D-4ECA-8C19-EC3341840665}.Release|Any CPU.ActiveCfg = Release|Any CPU
		{DB95313F-785D-4ECA-8C19-EC3341840665}.Release|Any CPU.Build.0 = Release|Any CPU
		{16565DE6-21D5-4091-97D9-A1EF1AB334B5}.Debug|Any CPU.ActiveCfg = Debug|Any CPU
		{16565DE6-21D5-4091-97D9-A1EF1AB334B5}.Debug|Any CPU.Build.0 = Debug|Any CPU
		{16565DE6-21D5-4091-97D9-A1EF1AB334B5}.Release|Any CPU.ActiveCfg = Release|Any CPU
		{16565DE6-21D5-4091-97D9-A1EF1AB334B5}.Release|Any CPU.Build.0 = Release|Any CPU
		{D19565ED-BC40-4A90-B784-D2795E8BF1E0}.Debug|Any CPU.ActiveCfg = Debug|Any CPU
		{D19565ED-BC40-4A90-B784-D2795E8BF1E0}.Debug|Any CPU.Build.0 = Debug|Any CPU
		{D19565ED-BC40-4A90-B784-D2795E8BF1E0}.Release|Any CPU.ActiveCfg = Release|Any CPU
		{D19565ED-BC40-4A90-B784-D2795E8BF1E0}.Release|Any CPU.Build.0 = Release|Any CPU
	EndGlobalSection
	GlobalSection(SolutionProperties) = preSolution
		HideSolutionNode = FALSE
	EndGlobalSection
	GlobalSection(ExtensibilityGlobals) = postSolution
		SolutionGuid = {63DD3F07-B6C8-4EBA-8736-098A62BCA67C}
	EndGlobalSection
EndGlobal
